
Microsoft Visual Studio Solution File, Format Version 12.00
# Visual Studio 15
VisualStudioVersion = 15.0.26124.0
MinimumVisualStudioVersion = 15.0.26124.0
Project("{2150E333-8FDC-42A3-9474-1A3956D46DE8}") = "Data", "Data", "{F09AA7EF-EA58-4DFC-AB90-E6CAB249889A}"
EndProject
Project("{FAE04EC0-301F-11D3-BF4B-00C04F79EFBC}") = "Northwind.Models", "Data\Northwind.Models\Northwind.Models.csproj", "{A45E8ADE-1D47-40AA-8C35-39E03407F08D}"
EndProject
Project("{FAE04EC0-301F-11D3-BF4B-00C04F79EFBC}") = "Northwind.UnitOfWork", "Data\Northwind.UnitOfWork\Northwind.UnitOfWork.csproj", "{39A8CFBA-D767-4764-B633-023E2CB51397}"
EndProject
Project("{FAE04EC0-301F-11D3-BF4B-00C04F79EFBC}") = "Northwind.DataAccess", "Data\Northwind.DataAccess\Northwind.DataAccess.csproj", "{680DEDAB-A785-4E63-8D52-933DA4BA3EDC}"
EndProject
Project("{FAE04EC0-301F-11D3-BF4B-00C04F79EFBC}") = "Northwind.Repositories", "Data\Northwind.Repositories\Northwind.Repositories.csproj", "{FAE563C6-B0C7-4812-9922-0C7551808C47}"
EndProject
Project("{2150E333-8FDC-42A3-9474-1A3956D46DE8}") = "Web", "Web", "{3DF8768E-26EC-4279-86F8-1353509823FB}"
EndProject
Project("{FAE04EC0-301F-11D3-BF4B-00C04F79EFBC}") = "Northwind.WebApi", "Web\Northwind.WebApi\Northwind.WebApi.csproj", "{9DAB9C88-1E81-43E2-B094-A44C27CD1900}"
EndProject
Project("{FAE04EC0-301F-11D3-BF4B-00C04F79EFBC}") = "Northwind.BussinessLogic", "Data\Northwind.BussinessLogic\Northwind.BussinessLogic.csproj", "{7269D540-1EC4-4B86-B8C0-BB0746B19CB2}"
EndProject
Project("{2150E333-8FDC-42A3-9474-1A3956D46DE8}") = "Test", "Test", "{90703717-55A7-449D-A291-21845F7EC7BB}"
EndProject
Project("{FAE04EC0-301F-11D3-BF4B-00C04F79EFBC}") = "Northwind.BusinessLogicTest", "Test\Northwind.BusinessLogicTest\Northwind.BusinessLogicTest.csproj", "{E2360836-DB68-4795-B0FA-F189543DC1E4}"
EndProject
Global
	GlobalSection(SolutionConfigurationPlatforms) = preSolution
		Debug|Any CPU = Debug|Any CPU
		Debug|x64 = Debug|x64
		Debug|x86 = Debug|x86
		Release|Any CPU = Release|Any CPU
		Release|x64 = Release|x64
		Release|x86 = Release|x86
	EndGlobalSection
	GlobalSection(SolutionProperties) = preSolution
		HideSolutionNode = FALSE
	EndGlobalSection
	GlobalSection(ProjectConfigurationPlatforms) = postSolution
		{A45E8ADE-1D47-40AA-8C35-39E03407F08D}.Debug|Any CPU.ActiveCfg = Debug|Any CPU
		{A45E8ADE-1D47-40AA-8C35-39E03407F08D}.Debug|Any CPU.Build.0 = Debug|Any CPU
		{A45E8ADE-1D47-40AA-8C35-39E03407F08D}.Debug|x64.ActiveCfg = Debug|Any CPU
		{A45E8ADE-1D47-40AA-8C35-39E03407F08D}.Debug|x64.Build.0 = Debug|Any CPU
		{A45E8ADE-1D47-40AA-8C35-39E03407F08D}.Debug|x86.ActiveCfg = Debug|Any CPU
		{A45E8ADE-1D47-40AA-8C35-39E03407F08D}.Debug|x86.Build.0 = Debug|Any CPU
		{A45E8ADE-1D47-40AA-8C35-39E03407F08D}.Release|Any CPU.ActiveCfg = Release|Any CPU
		{A45E8ADE-1D47-40AA-8C35-39E03407F08D}.Release|Any CPU.Build.0 = Release|Any CPU
		{A45E8ADE-1D47-40AA-8C35-39E03407F08D}.Release|x64.ActiveCfg = Release|Any CPU
		{A45E8ADE-1D47-40AA-8C35-39E03407F08D}.Release|x64.Build.0 = Release|Any CPU
		{A45E8ADE-1D47-40AA-8C35-39E03407F08D}.Release|x86.ActiveCfg = Release|Any CPU
		{A45E8ADE-1D47-40AA-8C35-39E03407F08D}.Release|x86.Build.0 = Release|Any CPU
		{39A8CFBA-D767-4764-B633-023E2CB51397}.Debug|Any CPU.ActiveCfg = Debug|Any CPU
		{39A8CFBA-D767-4764-B633-023E2CB51397}.Debug|Any CPU.Build.0 = Debug|Any CPU
		{39A8CFBA-D767-4764-B633-023E2CB51397}.Debug|x64.ActiveCfg = Debug|Any CPU
		{39A8CFBA-D767-4764-B633-023E2CB51397}.Debug|x64.Build.0 = Debug|Any CPU
		{39A8CFBA-D767-4764-B633-023E2CB51397}.Debug|x86.ActiveCfg = Debug|Any CPU
		{39A8CFBA-D767-4764-B633-023E2CB51397}.Debug|x86.Build.0 = Debug|Any CPU
		{39A8CFBA-D767-4764-B633-023E2CB51397}.Release|Any CPU.ActiveCfg = Release|Any CPU
		{39A8CFBA-D767-4764-B633-023E2CB51397}.Release|Any CPU.Build.0 = Release|Any CPU
		{39A8CFBA-D767-4764-B633-023E2CB51397}.Release|x64.ActiveCfg = Release|Any CPU
		{39A8CFBA-D767-4764-B633-023E2CB51397}.Release|x64.Build.0 = Release|Any CPU
		{39A8CFBA-D767-4764-B633-023E2CB51397}.Release|x86.ActiveCfg = Release|Any CPU
		{39A8CFBA-D767-4764-B633-023E2CB51397}.Release|x86.Build.0 = Release|Any CPU
		{680DEDAB-A785-4E63-8D52-933DA4BA3EDC}.Debug|Any CPU.ActiveCfg = Debug|Any CPU
		{680DEDAB-A785-4E63-8D52-933DA4BA3EDC}.Debug|Any CPU.Build.0 = Debug|Any CPU
		{680DEDAB-A785-4E63-8D52-933DA4BA3EDC}.Debug|x64.ActiveCfg = Debug|Any CPU
		{680DEDAB-A785-4E63-8D52-933DA4BA3EDC}.Debug|x64.Build.0 = Debug|Any CPU
		{680DEDAB-A785-4E63-8D52-933DA4BA3EDC}.Debug|x86.ActiveCfg = Debug|Any CPU
		{680DEDAB-A785-4E63-8D52-933DA4BA3EDC}.Debug|x86.Build.0 = Debug|Any CPU
		{680DEDAB-A785-4E63-8D52-933DA4BA3EDC}.Release|Any CPU.ActiveCfg = Release|Any CPU
		{680DEDAB-A785-4E63-8D52-933DA4BA3EDC}.Release|Any CPU.Build.0 = Release|Any CPU
		{680DEDAB-A785-4E63-8D52-933DA4BA3EDC}.Release|x64.ActiveCfg = Release|Any CPU
		{680DEDAB-A785-4E63-8D52-933DA4BA3EDC}.Release|x64.Build.0 = Release|Any CPU
		{680DEDAB-A785-4E63-8D52-933DA4BA3EDC}.Release|x86.ActiveCfg = Release|Any CPU
		{680DEDAB-A785-4E63-8D52-933DA4BA3EDC}.Release|x86.Build.0 = Release|Any CPU
		{FAE563C6-B0C7-4812-9922-0C7551808C47}.Debug|Any CPU.ActiveCfg = Debug|Any CPU
		{FAE563C6-B0C7-4812-9922-0C7551808C47}.Debug|Any CPU.Build.0 = Debug|Any CPU
		{FAE563C6-B0C7-4812-9922-0C7551808C47}.Debug|x64.ActiveCfg = Debug|Any CPU
		{FAE563C6-B0C7-4812-9922-0C7551808C47}.Debug|x64.Build.0 = Debug|Any CPU
		{FAE563C6-B0C7-4812-9922-0C7551808C47}.Debug|x86.ActiveCfg = Debug|Any CPU
		{FAE563C6-B0C7-4812-9922-0C7551808C47}.Debug|x86.Build.0 = Debug|Any CPU
		{FAE563C6-B0C7-4812-9922-0C7551808C47}.Release|Any CPU.ActiveCfg = Release|Any CPU
		{FAE563C6-B0C7-4812-9922-0C7551808C47}.Release|Any CPU.Build.0 = Release|Any CPU
		{FAE563C6-B0C7-4812-9922-0C7551808C47}.Release|x64.ActiveCfg = Release|Any CPU
		{FAE563C6-B0C7-4812-9922-0C7551808C47}.Release|x64.Build.0 = Release|Any CPU
		{FAE563C6-B0C7-4812-9922-0C7551808C47}.Release|x86.ActiveCfg = Release|Any CPU
		{FAE563C6-B0C7-4812-9922-0C7551808C47}.Release|x86.Build.0 = Release|Any CPU
		{9DAB9C88-1E81-43E2-B094-A44C27CD1900}.Debug|Any CPU.ActiveCfg = Debug|Any CPU
		{9DAB9C88-1E81-43E2-B094-A44C27CD1900}.Debug|Any CPU.Build.0 = Debug|Any CPU
		{9DAB9C88-1E81-43E2-B094-A44C27CD1900}.Debug|x64.ActiveCfg = Debug|Any CPU
		{9DAB9C88-1E81-43E2-B094-A44C27CD1900}.Debug|x64.Build.0 = Debug|Any CPU
		{9DAB9C88-1E81-43E2-B094-A44C27CD1900}.Debug|x86.ActiveCfg = Debug|Any CPU
		{9DAB9C88-1E81-43E2-B094-A44C27CD1900}.Debug|x86.Build.0 = Debug|Any CPU
		{9DAB9C88-1E81-43E2-B094-A44C27CD1900}.Release|Any CPU.ActiveCfg = Release|Any CPU
		{9DAB9C88-1E81-43E2-B094-A44C27CD1900}.Release|Any CPU.Build.0 = Release|Any CPU
		{9DAB9C88-1E81-43E2-B094-A44C27CD1900}.Release|x64.ActiveCfg = Release|Any CPU
		{9DAB9C88-1E81-43E2-B094-A44C27CD1900}.Release|x64.Build.0 = Release|Any CPU
		{9DAB9C88-1E81-43E2-B094-A44C27CD1900}.Release|x86.ActiveCfg = Release|Any CPU
		{9DAB9C88-1E81-43E2-B094-A44C27CD1900}.Release|x86.Build.0 = Release|Any CPU
		{7269D540-1EC4-4B86-B8C0-BB0746B19CB2}.Debug|Any CPU.ActiveCfg = Debug|Any CPU
		{7269D540-1EC4-4B86-B8C0-BB0746B19CB2}.Debug|Any CPU.Build.0 = Debug|Any CPU
		{7269D540-1EC4-4B86-B8C0-BB0746B19CB2}.Debug|x64.ActiveCfg = Debug|Any CPU
		{7269D540-1EC4-4B86-B8C0-BB0746B19CB2}.Debug|x64.Build.0 = Debug|Any CPU
		{7269D540-1EC4-4B86-B8C0-BB0746B19CB2}.Debug|x86.ActiveCfg = Debug|Any CPU
		{7269D540-1EC4-4B86-B8C0-BB0746B19CB2}.Debug|x86.Build.0 = Debug|Any CPU
		{7269D540-1EC4-4B86-B8C0-BB0746B19CB2}.Release|Any CPU.ActiveCfg = Release|Any CPU
		{7269D540-1EC4-4B86-B8C0-BB0746B19CB2}.Release|Any CPU.Build.0 = Release|Any CPU
		{7269D540-1EC4-4B86-B8C0-BB0746B19CB2}.Release|x64.ActiveCfg = Release|Any CPU
		{7269D540-1EC4-4B86-B8C0-BB0746B19CB2}.Release|x64.Build.0 = Release|Any CPU
		{7269D540-1EC4-4B86-B8C0-BB0746B19CB2}.Release|x86.ActiveCfg = Release|Any CPU
		{7269D540-1EC4-4B86-B8C0-BB0746B19CB2}.Release|x86.Build.0 = Release|Any CPU
		{E2360836-DB68-4795-B0FA-F189543DC1E4}.Debug|Any CPU.ActiveCfg = Debug|Any CPU
		{E2360836-DB68-4795-B0FA-F189543DC1E4}.Debug|Any CPU.Build.0 = Debug|Any CPU
		{E2360836-DB68-4795-B0FA-F189543DC1E4}.Debug|x64.ActiveCfg = Debug|Any CPU
		{E2360836-DB68-4795-B0FA-F189543DC1E4}.Debug|x64.Build.0 = Debug|Any CPU
		{E2360836-DB68-4795-B0FA-F189543DC1E4}.Debug|x86.ActiveCfg = Debug|Any CPU
		{E2360836-DB68-4795-B0FA-F189543DC1E4}.Debug|x86.Build.0 = Debug|Any CPU
		{E2360836-DB68-4795-B0FA-F189543DC1E4}.Release|Any CPU.ActiveCfg = Release|Any CPU
		{E2360836-DB68-4795-B0FA-F189543DC1E4}.Release|Any CPU.Build.0 = Release|Any CPU
		{E2360836-DB68-4795-B0FA-F189543DC1E4}.Release|x64.ActiveCfg = Release|Any CPU
		{E2360836-DB68-4795-B0FA-F189543DC1E4}.Release|x64.Build.0 = Release|Any CPU
		{E2360836-DB68-4795-B0FA-F189543DC1E4}.Release|x86.ActiveCfg = Release|Any CPU
		{E2360836-DB68-4795-B0FA-F189543DC1E4}.Release|x86.Build.0 = Release|Any CPU
	EndGlobalSection
	GlobalSection(NestedProjects) = preSolution
		{A45E8ADE-1D47-40AA-8C35-39E03407F08D} = {F09AA7EF-EA58-4DFC-AB90-E6CAB249889A}
		{39A8CFBA-D767-4764-B633-023E2CB51397} = {F09AA7EF-EA58-4DFC-AB90-E6CAB249889A}
		{680DEDAB-A785-4E63-8D52-933DA4BA3EDC} = {F09AA7EF-EA58-4DFC-AB90-E6CAB249889A}
		{FAE563C6-B0C7-4812-9922-0C7551808C47} = {F09AA7EF-EA58-4DFC-AB90-E6CAB249889A}
		{9DAB9C88-1E81-43E2-B094-A44C27CD1900} = {3DF8768E-26EC-4279-86F8-1353509823FB}
		{7269D540-1EC4-4B86-B8C0-BB0746B19CB2} = {F09AA7EF-EA58-4DFC-AB90-E6CAB249889A}
		{E2360836-DB68-4795-B0FA-F189543DC1E4} = {90703717-55A7-449D-A291-21845F7EC7BB}
	EndGlobalSection
EndGlobal
